
Microsoft Visual Studio Solution File, Format Version 12.00
# Visual Studio Version 16
VisualStudioVersion = 16.0.30503.244
MinimumVisualStudioVersion = 10.0.40219.1
Project("{9A19103F-16F7-4668-BE54-9A1E7A4F7556}") = "GPTVirtualAssistant", "GPTVirtualAssistant\GPTVirtualAssistant.csproj", "{59188C21-2D56-4E8E-B2D2-64BFD955FC6B}"
EndProject
Global
	GlobalSection(SolutionConfigurationPlatforms) = preSolution
		Debug|Any CPU = Debug|Any CPU
		Release|Any CPU = Release|Any CPU
	EndGlobalSection
	GlobalSection(ProjectConfigurationPlatforms) = postSolution
		{59188C21-2D56-4E8E-B2D2-64BFD955FC6B}.Debug|Any CPU.ActiveCfg = Debug|Any CPU
		{59188C21-2D56-4E8E-B2D2-64BFD955FC6B}.Debug|Any CPU.Build.0 = Debug|Any CPU
		{59188C21-2D56-4E8E-B2D2-64BFD955FC6B}.Release|Any CPU.ActiveCfg = Release|Any CPU
		{59188C21-2D56-4E8E-B2D2-64BFD955FC6B}.Release|Any CPU.Build.0 = Release|Any CPU
	EndGlobalSection
	GlobalSection(SolutionProperties) = preSolution
		HideSolutionNode = FALSE
	EndGlobalSection
	GlobalSection(ExtensibilityGlobals) = postSolution
		SolutionGuid = {60EC00FC-40B2-47AF-9965-4389E1EC29F2}
	EndGlobalSection
EndGlobal
